
Microsoft Visual Studio Solution File, Format Version 12.00
# Visual Studio 14
VisualStudioVersion = 14.0.25420.1
MinimumVisualStudioVersion = 10.0.40219.1
Project("{FAE04EC0-301F-11D3-BF4B-00C04F79EFBC}") = "AdventofCode", "AdventofCode\AdventofCode.csproj", "{21481F6A-88DF-4029-9488-570C0C1F8C8C}"
EndProject
Project("{FAE04EC0-301F-11D3-BF4B-00C04F79EFBC}") = "AdventofCodeTests", "AdventofCodeTests\AdventofCodeTests.csproj", "{77C5C801-6766-4981-85B6-530EE80C8E61}"
EndProject
Global
	GlobalSection(SolutionConfigurationPlatforms) = preSolution
		Debug|Any CPU = Debug|Any CPU
		Release|Any CPU = Release|Any CPU
	EndGlobalSection
	GlobalSection(ProjectConfigurationPlatforms) = postSolution
		{21481F6A-88DF-4029-9488-570C0C1F8C8C}.Debug|Any CPU.ActiveCfg = Debug|Any CPU
		{21481F6A-88DF-4029-9488-570C0C1F8C8C}.Debug|Any CPU.Build.0 = Debug|Any CPU
		{21481F6A-88DF-4029-9488-570C0C1F8C8C}.Release|Any CPU.ActiveCfg = Release|Any CPU
		{21481F6A-88DF-4029-9488-570C0C1F8C8C}.Release|Any CPU.Build.0 = Release|Any CPU
		{77C5C801-6766-4981-85B6-530EE80C8E61}.Debug|Any CPU.ActiveCfg = Debug|Any CPU
		{77C5C801-6766-4981-85B6-530EE80C8E61}.Debug|Any CPU.Build.0 = Debug|Any CPU
		{77C5C801-6766-4981-85B6-530EE80C8E61}.Release|Any CPU.ActiveCfg = Release|Any CPU
		{77C5C801-6766-4981-85B6-530EE80C8E61}.Release|Any CPU.Build.0 = Release|Any CPU
	EndGlobalSection
	GlobalSection(SolutionProperties) = preSolution
		HideSolutionNode = FALSE
	EndGlobalSection
EndGlobal
